PODS:
  - SDWebImage (5.5.2):
    - SDWebImage/Core (= 5.5.2)
  - SDWebImage/Core (5.5.2)
  - SDWebImageSwiftUI (1.2.0):
    - SDWebImage (~> 5.3)

DEPENDENCIES:
  - SDWebImageSwiftUI

SPEC REPOS:
  trunk:
    - SDWebImage
    - SDWebImageSwiftUI

SPEC CHECKSUMS:
  SDWebImage: 4d5c027c935438f341ed33dbac53ff9f479922ca
  SDWebImageSwiftUI: 3530ef646416babe79d09ba807264ade86e042d7

PODFILE CHECKSUM: 495223fe15e8873c519dcd38c81f56a15dbb7f14

COCOAPODS: 1.8.4
