// !$*UTF8*$!
{
	archiveVersion = 1;
	classes = {
	};
	objectVersion = 51;
	objects = {

/* Begin PBXBuildFile section */
		528474141AEF99A6E95DD998 /* Pods_niyati_group.framework in Frameworks */ = {isa = PBXBuildFile; fileRef = 048574E0CE2F5AAF7A41BF9E /* Pods_niyati_group.framework */; };
		710538132522099C00188E2E /* CardView.swift in Sources */ = {isa = PBXBuildFile; fileRef = 710538122522099C00188E2E /* CardView.swift */; };
		711A8B5F251603CE001C623A /* AppDelegate.swift in Sources */ = {isa = PBXBuildFile; fileRef = 711A8B5E251603CE001C623A /* AppDelegate.swift */; };
		711A8B61251603CE001C623A /* SceneDelegate.swift in Sources */ = {isa = PBXBuildFile; fileRef = 711A8B60251603CE001C623A /* SceneDelegate.swift */; };
		711A8B63251603CE001C623A /* ContentView.swift in Sources */ = {isa = PBXBuildFile; fileRef = 711A8B62251603CE001C623A /* ContentView.swift */; };
		711A8B65251603D2001C623A /* Assets.xcassets in Resources */ = {isa = PBXBuildFile; fileRef = 711A8B64251603D2001C623A /* Assets.xcassets */; };
		711A8B68251603D2001C623A /* Preview Assets.xcassets in Resources */ = {isa = PBXBuildFile; fileRef = 711A8B67251603D2001C623A /* Preview Assets.xcassets */; };
		711A8B6B251603D2001C623A /* LaunchScreen.storyboard in Resources */ = {isa = PBXBuildFile; fileRef = 711A8B69251603D2001C623A /* LaunchScreen.storyboard */; };
		711A8B76251603D2001C623A /* niyati_groupTests.swift in Sources */ = {isa = PBXBuildFile; fileRef = 711A8B75251603D2001C623A /* niyati_groupTests.swift */; };
		711A8B81251603D2001C623A /* niyati_groupUITests.swift in Sources */ = {isa = PBXBuildFile; fileRef = 711A8B80251603D2001C623A /* niyati_groupUITests.swift */; };
		711EF784252713A700B2E0BF /* StatusCode.swift in Sources */ = {isa = PBXBuildFile; fileRef = 711EF783252713A700B2E0BF /* StatusCode.swift */; };
		712FB68D251C6A5A00BBB65E /* WebServices.swift in Sources */ = {isa = PBXBuildFile; fileRef = 712FB68C251C6A5A00BBB65E /* WebServices.swift */; };
		712FB68F251C6A8900BBB65E /* Restaurant.swift in Sources */ = {isa = PBXBuildFile; fileRef = 712FB68E251C6A8900BBB65E /* Restaurant.swift */; };
		7132995F252064A1000AD759 /* CartList.swift in Sources */ = {isa = PBXBuildFile; fileRef = 7132995E252064A1000AD759 /* CartList.swift */; };
		7132996125206535000AD759 /* RestaurantDetails.swift in Sources */ = {isa = PBXBuildFile; fileRef = 7132996025206535000AD759 /* RestaurantDetails.swift */; };
		715F529D252B213100FC36D4 /* LoginView.swift in Sources */ = {isa = PBXBuildFile; fileRef = 715F529C252B213100FC36D4 /* LoginView.swift */; };
		7171971825230AE100A3AC2E /* MenuListViewModel.swift in Sources */ = {isa = PBXBuildFile; fileRef = 7171971725230AE100A3AC2E /* MenuListViewModel.swift */; };
		7171971A252341E000A3AC2E /* CartListViewModel.swift in Sources */ = {isa = PBXBuildFile; fileRef = 71719719252341E000A3AC2E /* CartListViewModel.swift */; };
		71D62D4D2517B9DE0088A303 /* RestaurantDetailsView.swift in Sources */ = {isa = PBXBuildFile; fileRef = 71D62D4C2517B9DE0088A303 /* RestaurantDetailsView.swift */; };
/* End PBXBuildFile section */

/* Begin PBXContainerItemProxy section */
		711A8B72251603D2001C623A /* PBXContainerItemProxy */ = {
			isa = PBXContainerItemProxy;
			containerPortal = 711A8B53251603CE001C623A /* Project object */;
			proxyType = 1;
			remoteGlobalIDString = 711A8B5A251603CE001C623A;
			remoteInfo = "niyati-group";
		};
		711A8B7D251603D2001C623A /* PBXContainerItemProxy */ = {
			isa = PBXContainerItemProxy;
			containerPortal = 711A8B53251603CE001C623A /* Project object */;
			proxyType = 1;
			remoteGlobalIDString = 711A8B5A251603CE001C623A;
			remoteInfo = "niyati-group";
		};
/* End PBXContainerItemProxy section */

/* Begin PBXFileReference section */
		048574E0CE2F5AAF7A41BF9E /* Pods_niyati_group.framework */ = {isa = PBXFileReference; explicitFileType = wrapper.framework; includeInIndex = 0; path = Pods_niyati_group.framework; sourceTree = BUILT_PRODUCTS_DIR; };
		1564F8205F984C3D9FA5E8B0 /* Pods-niyati-group.debug.xcconfig */ = {isa = PBXFileReference; includeInIndex = 1; lastKnownFileType = text.xcconfig; name = "Pods-niyati-group.debug.xcconfig"; path = "Target Support Files/Pods-niyati-group/Pods-niyati-group.debug.xcconfig"; sourceTree = "<group>"; };
		710538122522099C00188E2E /* CardView.swift */ = {isa = PBXFileReference; lastKnownFileType = sourcecode.swift; path = CardView.swift; sourceTree = "<group>"; };
		711A8B5B251603CE001C623A /* niyati-group.app */ = {isa = PBXFileReference; explicitFileType = wrapper.application; includeInIndex = 0; path = "niyati-group.app"; sourceTree = BUILT_PRODUCTS_DIR; };
		711A8B5E251603CE001C623A /* AppDelegate.swift */ = {isa = PBXFileReference; lastKnownFileType = sourcecode.swift; path = AppDelegate.swift; sourceTree = "<group>"; };
		711A8B60251603CE001C623A /* SceneDelegate.swift */ = {isa = PBXFileReference; lastKnownFileType = sourcecode.swift; path = SceneDelegate.swift; sourceTree = "<group>"; };
		711A8B62251603CE001C623A /* ContentView.swift */ = {isa = PBXFileReference; lastKnownFileType = sourcecode.swift; path = ContentView.swift; sourceTree = "<group>"; };
		711A8B64251603D2001C623A /* Assets.xcassets */ = {isa = PBXFileReference; lastKnownFileType = folder.assetcatalog; path = Assets.xcassets; sourceTree = "<group>"; };
		711A8B67251603D2001C623A /* Preview Assets.xcassets */ = {isa = PBXFileReference; lastKnownFileType = folder.assetcatalog; path = "Preview Assets.xcassets"; sourceTree = "<group>"; };
		711A8B6A251603D2001C623A /* Base */ = {isa = PBXFileReference; lastKnownFileType = file.storyboard; name = Base; path = Base.lproj/LaunchScreen.storyboard; sourceTree = "<group>"; };
		711A8B6C251603D2001C623A /* Info.plist */ = {isa = PBXFileReference; lastKnownFileType = text.plist.xml; path = Info.plist; sourceTree = "<group>"; };
		711A8B71251603D2001C623A /* niyati-groupTests.xctest */ = {isa = PBXFileReference; explicitFileType = wrapper.cfbundle; includeInIndex = 0; path = "niyati-groupTests.xctest"; sourceTree = BUILT_PRODUCTS_DIR; };
		711A8B75251603D2001C623A /* niyati_groupTests.swift */ = {isa = PBXFileReference; lastKnownFileType = sourcecode.swift; path = niyati_groupTests.swift; sourceTree = "<group>"; };
		711A8B77251603D2001C623A /* Info.plist */ = {isa = PBXFileReference; lastKnownFileType = text.plist.xml; path = Info.plist; sourceTree = "<group>"; };
		711A8B7C251603D2001C623A /* niyati-groupUITests.xctest */ = {isa = PBXFileReference; explicitFileType = wrapper.cfbundle; includeInIndex = 0; path = "niyati-groupUITests.xctest"; sourceTree = BUILT_PRODUCTS_DIR; };
		711A8B80251603D2001C623A /* niyati_groupUITests.swift */ = {isa = PBXFileReference; lastKnownFileType = sourcecode.swift; path = niyati_groupUITests.swift; sourceTree = "<group>"; };
		711A8B82251603D2001C623A /* Info.plist */ = {isa = PBXFileReference; lastKnownFileType = text.plist.xml; path = Info.plist; sourceTree = "<group>"; };
		711EF783252713A700B2E0BF /* StatusCode.swift */ = {isa = PBXFileReference; lastKnownFileType = sourcecode.swift; path = StatusCode.swift; sourceTree = "<group>"; };
		712FB68C251C6A5A00BBB65E /* WebServices.swift */ = {isa = PBXFileReference; lastKnownFileType = sourcecode.swift; path = WebServices.swift; sourceTree = "<group>"; };
		712FB68E251C6A8900BBB65E /* Restaurant.swift */ = {isa = PBXFileReference; lastKnownFileType = sourcecode.swift; path = Restaurant.swift; sourceTree = "<group>"; };
		7132995E252064A1000AD759 /* CartList.swift */ = {isa = PBXFileReference; lastKnownFileType = sourcecode.swift; path = CartList.swift; sourceTree = "<group>"; };
		7132996025206535000AD759 /* RestaurantDetails.swift */ = {isa = PBXFileReference; lastKnownFileType = sourcecode.swift; path = RestaurantDetails.swift; sourceTree = "<group>"; };
		715F529C252B213100FC36D4 /* LoginView.swift */ = {isa = PBXFileReference; lastKnownFileType = sourcecode.swift; path = LoginView.swift; sourceTree = "<group>"; };
		7171971725230AE100A3AC2E /* MenuListViewModel.swift */ = {isa = PBXFileReference; lastKnownFileType = sourcecode.swift; path = MenuListViewModel.swift; sourceTree = "<group>"; };
		71719719252341E000A3AC2E /* CartListViewModel.swift */ = {isa = PBXFileReference; lastKnownFileType = sourcecode.swift; path = CartListViewModel.swift; sourceTree = "<group>"; };
		71D62D4C2517B9DE0088A303 /* RestaurantDetailsView.swift */ = {isa = PBXFileReference; lastKnownFileType = sourcecode.swift; path = RestaurantDetailsView.swift; sourceTree = "<group>"; };
		986114F6B62B69DDC4F3A875 /* Pods-niyati-group.release.xcconfig */ = {isa = PBXFileReference; includeInIndex = 1; lastKnownFileType = text.xcconfig; name = "Pods-niyati-group.release.xcconfig"; path = "Target Support Files/Pods-niyati-group/Pods-niyati-group.release.xcconfig"; sourceTree = "<group>"; };
/* End PBXFileReference section */

/* Begin PBXFrameworksBuildPhase section */
		711A8B58251603CE001C623A /* Frameworks */ = {
			isa = PBXFrameworksBuildPhase;
			buildActionMask = 2147483647;
			files = (
				528474141AEF99A6E95DD998 /* Pods_niyati_group.framework in Frameworks */,
			);
			runOnlyForDeploymentPostprocessing = 0;
		};
		711A8B6E251603D2001C623A /* Frameworks */ = {
			isa = PBXFrameworksBuildPhase;
			buildActionMask = 2147483647;
			files = (
			);
			runOnlyForDeploymentPostprocessing = 0;
		};
		711A8B79251603D2001C623A /* Frameworks */ = {
			isa = PBXFrameworksBuildPhase;
			buildActionMask = 2147483647;
			files = (
			);
			runOnlyForDeploymentPostprocessing = 0;
		};
/* End PBXFrameworksBuildPhase section */

/* Begin PBXGroup section */
		57D1804EF8FBB240FE5F50CB /* Frameworks */ = {
			isa = PBXGroup;
			children = (
				048574E0CE2F5AAF7A41BF9E /* Pods_niyati_group.framework */,
			);
			name = Frameworks;
			sourceTree = "<group>";
		};
		711A8B52251603CE001C623A = {
			isa = PBXGroup;
			children = (
				711A8B5D251603CE001C623A /* niyati-group */,
				711A8B74251603D2001C623A /* niyati-groupTests */,
				711A8B7F251603D2001C623A /* niyati-groupUITests */,
				711A8B5C251603CE001C623A /* Products */,
				914C5818BFB0ED249CDADB23 /* Pods */,
				57D1804EF8FBB240FE5F50CB /* Frameworks */,
			);
			sourceTree = "<group>";
		};
		711A8B5C251603CE001C623A /* Products */ = {
			isa = PBXGroup;
			children = (
				711A8B5B251603CE001C623A /* niyati-group.app */,
				711A8B71251603D2001C623A /* niyati-groupTests.xctest */,
				711A8B7C251603D2001C623A /* niyati-groupUITests.xctest */,
			);
			name = Products;
			sourceTree = "<group>";
		};
		711A8B5D251603CE001C623A /* niyati-group */ = {
			isa = PBXGroup;
			children = (
				7171971625230AAE00A3AC2E /* ViewModels */,
				7132995D25206459000AD759 /* Services */,
				7132995C25206444000AD759 /* Models */,
				711A8B5E251603CE001C623A /* AppDelegate.swift */,
				711A8B60251603CE001C623A /* SceneDelegate.swift */,
				711A8B62251603CE001C623A /* ContentView.swift */,
				71D62D4C2517B9DE0088A303 /* RestaurantDetailsView.swift */,
				710538122522099C00188E2E /* CardView.swift */,
				711A8B64251603D2001C623A /* Assets.xcassets */,
				711A8B69251603D2001C623A /* LaunchScreen.storyboard */,
				711A8B6C251603D2001C623A /* Info.plist */,
				711A8B66251603D2001C623A /* Preview Content */,
				715F529C252B213100FC36D4 /* LoginView.swift */,
			);
			path = "niyati-group";
			sourceTree = "<group>";
		};
		711A8B66251603D2001C623A /* Preview Content */ = {
			isa = PBXGroup;
			children = (
				711A8B67251603D2001C623A /* Preview Assets.xcassets */,
			);
			path = "Preview Content";
			sourceTree = "<group>";
		};
		711A8B74251603D2001C623A /* niyati-groupTests */ = {
			isa = PBXGroup;
			children = (
				711A8B75251603D2001C623A /* niyati_groupTests.swift */,
				711A8B77251603D2001C623A /* Info.plist */,
			);
			path = "niyati-groupTests";
			sourceTree = "<group>";
		};
		711A8B7F251603D2001C623A /* niyati-groupUITests */ = {
			isa = PBXGroup;
			children = (
				711A8B80251603D2001C623A /* niyati_groupUITests.swift */,
				711A8B82251603D2001C623A /* Info.plist */,
			);
			path = "niyati-groupUITests";
			sourceTree = "<group>";
		};
		7132995C25206444000AD759 /* Models */ = {
			isa = PBXGroup;
			children = (
				712FB68E251C6A8900BBB65E /* Restaurant.swift */,
				7132996025206535000AD759 /* RestaurantDetails.swift */,
				7132995E252064A1000AD759 /* CartList.swift */,
				711EF783252713A700B2E0BF /* StatusCode.swift */,
			);
			path = Models;
			sourceTree = "<group>";
		};
		7132995D25206459000AD759 /* Services */ = {
			isa = PBXGroup;
			children = (
				712FB68C251C6A5A00BBB65E /* WebServices.swift */,
			);
			path = Services;
			sourceTree = "<group>";
		};
		7171971625230AAE00A3AC2E /* ViewModels */ = {
			isa = PBXGroup;
			children = (
				7171971725230AE100A3AC2E /* MenuListViewModel.swift */,
				71719719252341E000A3AC2E /* CartListViewModel.swift */,
			);
			path = ViewModels;
			sourceTree = "<group>";
		};
		914C5818BFB0ED249CDADB23 /* Pods */ = {
			isa = PBXGroup;
			children = (
				1564F8205F984C3D9FA5E8B0 /* Pods-niyati-group.debug.xcconfig */,
				986114F6B62B69DDC4F3A875 /* Pods-niyati-group.release.xcconfig */,
			);
			path = Pods;
			sourceTree = "<group>";
		};
/* End PBXGroup section */

/* Begin PBXNativeTarget section */
		711A8B5A251603CE001C623A /* niyati-group */ = {
			isa = PBXNativeTarget;
			buildConfigurationList = 711A8B85251603D2001C623A /* Build configuration list for PBXNativeTarget "niyati-group" */;
			buildPhases = (
				C8EF157386D6E12EEB540871 /* [CP] Check Pods Manifest.lock */,
				711A8B57251603CE001C623A /* Sources */,
				711A8B58251603CE001C623A /* Frameworks */,
				711A8B59251603CE001C623A /* Resources */,
				213A641B5C893C9A25BC2210 /* [CP] Embed Pods Frameworks */,
			);
			buildRules = (
			);
			dependencies = (
			);
			name = "niyati-group";
			productName = "niyati-group";
			productReference = 711A8B5B251603CE001C623A /* niyati-group.app */;
			productType = "com.apple.product-type.application";
		};
		711A8B70251603D2001C623A /* niyati-groupTests */ = {
			isa = PBXNativeTarget;
			buildConfigurationList = 711A8B88251603D2001C623A /* Build configuration list for PBXNativeTarget "niyati-groupTests" */;
			buildPhases = (
				711A8B6D251603D2001C623A /* Sources */,
				711A8B6E251603D2001C623A /* Frameworks */,
				711A8B6F251603D2001C623A /* Resources */,
			);
			buildRules = (
			);
			dependencies = (
				711A8B73251603D2001C623A /* PBXTargetDependency */,
			);
			name = "niyati-groupTests";
			productName = "niyati-groupTests";
			productReference = 711A8B71251603D2001C623A /* niyati-groupTests.xctest */;
			productType = "com.apple.product-type.bundle.unit-test";
		};
		711A8B7B251603D2001C623A /* niyati-groupUITests */ = {
			isa = PBXNativeTarget;
			buildConfigurationList = 711A8B8B251603D2001C623A /* Build configuration list for PBXNativeTarget "niyati-groupUITests" */;
			buildPhases = (
				711A8B78251603D2001C623A /* Sources */,
				711A8B79251603D2001C623A /* Frameworks */,
				711A8B7A251603D2001C623A /* Resources */,
			);
			buildRules = (
			);
			dependencies = (
				711A8B7E251603D2001C623A /* PBXTargetDependency */,
			);
			name = "niyati-groupUITests";
			productName = "niyati-groupUITests";
			productReference = 711A8B7C251603D2001C623A /* niyati-groupUITests.xctest */;
			productType = "com.apple.product-type.bundle.ui-testing";
		};
/* End PBXNativeTarget section */

/* Begin PBXProject section */
		711A8B53251603CE001C623A /* Project object */ = {
			isa = PBXProject;
			attributes = {
				LastSwiftUpdateCheck = 1150;
				LastUpgradeCheck = 1150;
				ORGANIZATIONNAME = "Kashee Kushwaha";
				TargetAttributes = {
					711A8B5A251603CE001C623A = {
						CreatedOnToolsVersion = 11.5;
					};
					711A8B70251603D2001C623A = {
						CreatedOnToolsVersion = 11.5;
						TestTargetID = 711A8B5A251603CE001C623A;
					};
					711A8B7B251603D2001C623A = {
						CreatedOnToolsVersion = 11.5;
						TestTargetID = 711A8B5A251603CE001C623A;
					};
				};
			};
			buildConfigurationList = 711A8B56251603CE001C623A /* Build configuration list for PBXProject "niyati-group" */;
			compatibilityVersion = "Xcode 9.3";
			developmentRegion = en;
			hasScannedForEncodings = 0;
			knownRegions = (
				en,
				Base,
			);
			mainGroup = 711A8B52251603CE001C623A;
			productRefGroup = 711A8B5C251603CE001C623A /* Products */;
			projectDirPath = "";
			projectRoot = "";
			targets = (
				711A8B5A251603CE001C623A /* niyati-group */,
				711A8B70251603D2001C623A /* niyati-groupTests */,
				711A8B7B251603D2001C623A /* niyati-groupUITests */,
			);
		};
/* End PBXProject section */

/* Begin PBXResourcesBuildPhase section */
		711A8B59251603CE001C623A /* Resources */ = {
			isa = PBXResourcesBuildPhase;
			buildActionMask = 2147483647;
			files = (
				711A8B6B251603D2001C623A /* LaunchScreen.storyboard in Resources */,
				711A8B68251603D2001C623A /* Preview Assets.xcassets in Resources */,
				711A8B65251603D2001C623A /* Assets.xcassets in Resources */,
			);
			runOnlyForDeploymentPostprocessing = 0;
		};
		711A8B6F251603D2001C623A /* Resources */ = {
			isa = PBXResourcesBuildPhase;
			buildActionMask = 2147483647;
			files = (
			);
			runOnlyForDeploymentPostprocessing = 0;
		};
		711A8B7A251603D2001C623A /* Resources */ = {
			isa = PBXResourcesBuildPhase;
			buildActionMask = 2147483647;
			files = (
			);
			runOnlyForDeploymentPostprocessing = 0;
		};
/* End PBXResourcesBuildPhase section */

/* Begin PBXShellScriptBuildPhase section */
		213A641B5C893C9A25BC2210 /* [CP] Embed Pods Frameworks */ = {
			isa = PBXShellScriptBuildPhase;
			buildActionMask = 2147483647;
			files = (
			);
			inputFileListPaths = (
				"${PODS_ROOT}/Target Support Files/Pods-niyati-group/Pods-niyati-group-frameworks-${CONFIGURATION}-input-files.xcfilelist",
			);
			name = "[CP] Embed Pods Frameworks";
			outputFileListPaths = (
				"${PODS_ROOT}/Target Support Files/Pods-niyati-group/Pods-niyati-group-frameworks-${CONFIGURATION}-output-files.xcfilelist",
			);
			runOnlyForDeploymentPostprocessing = 0;
			shellPath = /bin/sh;
			shellScript = "\"${PODS_ROOT}/Target Support Files/Pods-niyati-group/Pods-niyati-group-frameworks.sh\"\n";
			showEnvVarsInLog = 0;
		};
		C8EF157386D6E12EEB540871 /* [CP] Check Pods Manifest.lock */ = {
			isa = PBXShellScriptBuildPhase;
			buildActionMask = 2147483647;
			files = (
			);
			inputFileListPaths = (
			);
			inputPaths = (
				"${PODS_PODFILE_DIR_PATH}/Podfile.lock",
				"${PODS_ROOT}/Manifest.lock",
			);
			name = "[CP] Check Pods Manifest.lock";
			outputFileListPaths = (
			);
			outputPaths = (
				"$(DERIVED_FILE_DIR)/Pods-niyati-group-checkManifestLockResult.txt",
			);
			runOnlyForDeploymentPostprocessing = 0;
			shellPath = /bin/sh;
			shellScript = "diff \"${PODS_PODFILE_DIR_PATH}/Podfile.lock\" \"${PODS_ROOT}/Manifest.lock\" > /dev/null\nif [ $? != 0 ] ; then\n    # print error to STDERR\n    echo \"error: The sandbox is not in sync with the Podfile.lock. Run 'pod install' or update your CocoaPods installation.\" >&2\n    exit 1\nfi\n# This output is used by Xcode 'outputs' to avoid re-running this script phase.\necho \"SUCCESS\" > \"${SCRIPT_OUTPUT_FILE_0}\"\n";
			showEnvVarsInLog = 0;
		};
/* End PBXShellScriptBuildPhase section */

/* Begin PBXSourcesBuildPhase section */
		711A8B57251603CE001C623A /* Sources */ = {
			isa = PBXSourcesBuildPhase;
			buildActionMask = 2147483647;
			files = (
				71D62D4D2517B9DE0088A303 /* RestaurantDetailsView.swift in Sources */,
				710538132522099C00188E2E /* CardView.swift in Sources */,
				711EF784252713A700B2E0BF /* StatusCode.swift in Sources */,
				7132996125206535000AD759 /* RestaurantDetails.swift in Sources */,
				712FB68D251C6A5A00BBB65E /* WebServices.swift in Sources */,
				7132995F252064A1000AD759 /* CartList.swift in Sources */,
				712FB68F251C6A8900BBB65E /* Restaurant.swift in Sources */,
				711A8B5F251603CE001C623A /* AppDelegate.swift in Sources */,
				711A8B61251603CE001C623A /* SceneDelegate.swift in Sources */,
				711A8B63251603CE001C623A /* ContentView.swift in Sources */,
				715F529D252B213100FC36D4 /* LoginView.swift in Sources */,
				7171971A252341E000A3AC2E /* CartListViewModel.swift in Sources */,
				7171971825230AE100A3AC2E /* MenuListViewModel.swift in Sources */,
			);
			runOnlyForDeploymentPostprocessing = 0;
		};
		711A8B6D251603D2001C623A /* Sources */ = {
			isa = PBXSourcesBuildPhase;
			buildActionMask = 2147483647;
			files = (
				711A8B76251603D2001C623A /* niyati_groupTests.swift in Sources */,
			);
			runOnlyForDeploymentPostprocessing = 0;
		};
		711A8B78251603D2001C623A /* Sources */ = {
			isa = PBXSourcesBuildPhase;
			buildActionMask = 2147483647;
			files = (
				711A8B81251603D2001C623A /* niyati_groupUITests.swift in Sources */,
			);
			runOnlyForDeploymentPostprocessing = 0;
		};
/* End PBXSourcesBuildPhase section */

/* Begin PBXTargetDependency section */
		711A8B73251603D2001C623A /* PBXTargetDependency */ = {
			isa = PBXTargetDependency;
			target = 711A8B5A251603CE001C623A /* niyati-group */;
			targetProxy = 711A8B72251603D2001C623A /* PBXContainerItemProxy */;
		};
		711A8B7E251603D2001C623A /* PBXTargetDependency */ = {
			isa = PBXTargetDependency;
			target = 711A8B5A251603CE001C623A /* niyati-group */;
			targetProxy = 711A8B7D251603D2001C623A /* PBXContainerItemProxy */;
		};
/* End PBXTargetDependency section */

/* Begin PBXVariantGroup section */
		711A8B69251603D2001C623A /* LaunchScreen.storyboard */ = {
			isa = PBXVariantGroup;
			children = (
				711A8B6A251603D2001C623A /* Base */,
			);
			name = LaunchScreen.storyboard;
			sourceTree = "<group>";
		};
/* End PBXVariantGroup section */

/* Begin XCBuildConfiguration section */
		711A8B83251603D2001C623A /* Debug */ = {
			isa = XCBuildConfiguration;
			buildSettings = {
				ALWAYS_SEARCH_USER_PATHS = NO;
				CLANG_ANALYZER_NONNULL = YES;
				CLANG_ANALYZER_NUMBER_OBJECT_CONVERSION = YES_AGGRESSIVE;
				CLANG_CXX_LANGUAGE_STANDARD = "gnu++14";
				CLANG_CXX_LIBRARY = "libc++";
				CLANG_ENABLE_MODULES = YES;
				CLANG_ENABLE_OBJC_ARC = YES;
				CLANG_ENABLE_OBJC_WEAK = YES;
				CLANG_WARN_BLOCK_CAPTURE_AUTORELEASING = YES;
				CLANG_WARN_BOOL_CONVERSION = YES;
				CLANG_WARN_COMMA = YES;
				CLANG_WARN_CONSTANT_CONVERSION = YES;
				CLANG_WARN_DEPRECATED_OBJC_IMPLEMENTATIONS = YES;
				CLANG_WARN_DIRECT_OBJC_ISA_USAGE = YES_ERROR;
				CLANG_WARN_DOCUMENTATION_COMMENTS = YES;
				CLANG_WARN_EMPTY_BODY = YES;
				CLANG_WARN_ENUM_CONVERSION = YES;
				CLANG_WARN_INFINITE_RECURSION = YES;
				CLANG_WARN_INT_CONVERSION = YES;
				CLANG_WARN_NON_LITERAL_NULL_CONVERSION = YES;
				CLANG_WARN_OBJC_IMPLICIT_RETAIN_SELF = YES;
				CLANG_WARN_OBJC_LITERAL_CONVERSION = YES;
				CLANG_WARN_OBJC_ROOT_CLASS = YES_ERROR;
				CLANG_WARN_RANGE_LOOP_ANALYSIS = YES;
				CLANG_WARN_STRICT_PROTOTYPES = YES;
				CLANG_WARN_SUSPICIOUS_MOVE = YES;
				CLANG_WARN_UNGUARDED_AVAILABILITY = YES_AGGRESSIVE;
				CLANG_WARN_UNREACHABLE_CODE = YES;
				CLANG_WARN__DUPLICATE_METHOD_MATCH = YES;
				COPY_PHASE_STRIP = NO;
				DEBUG_INFORMATION_FORMAT = dwarf;
				ENABLE_STRICT_OBJC_MSGSEND = YES;
				ENABLE_TESTABILITY = YES;
				GCC_C_LANGUAGE_STANDARD = gnu11;
				GCC_DYNAMIC_NO_PIC = NO;
				GCC_NO_COMMON_BLOCKS = YES;
				GCC_OPTIMIZATION_LEVEL = 0;
				GCC_PREPROCESSOR_DEFINITIONS = (
					"DEBUG=1",
					"$(inherited)",
				);
				GCC_WARN_64_TO_32_BIT_CONVERSION = YES;
				GCC_WARN_ABOUT_RETURN_TYPE = YES_ERROR;
				GCC_WARN_UNDECLARED_SELECTOR = YES;
				GCC_WARN_UNINITIALIZED_AUTOS = YES_AGGRESSIVE;
				GCC_WARN_UNUSED_FUNCTION = YES;
				GCC_WARN_UNUSED_VARIABLE = YES;
				IPHONEOS_DEPLOYMENT_TARGET = 13.5;
				MTL_ENABLE_DEBUG_INFO = INCLUDE_SOURCE;
				MTL_FAST_MATH = YES;
				ONLY_ACTIVE_ARCH = YES;
				SDKROOT = iphoneos;
				SWIFT_ACTIVE_COMPILATION_CONDITIONS = DEBUG;
				SWIFT_OPTIMIZATION_LEVEL = "-Onone";
			};
			name = Debug;
		};
		711A8B84251603D2001C623A /* Release */ = {
			isa = XCBuildConfiguration;
			buildSettings = {
				ALWAYS_SEARCH_USER_PATHS = NO;
				CLANG_ANALYZER_NONNULL = YES;
				CLANG_ANALYZER_NUMBER_OBJECT_CONVERSION = YES_AGGRESSIVE;
				CLANG_CXX_LANGUAGE_STANDARD = "gnu++14";
				CLANG_CXX_LIBRARY = "libc++";
				CLANG_ENABLE_MODULES = YES;
				CLANG_ENABLE_OBJC_ARC = YES;
				CLANG_ENABLE_OBJC_WEAK = YES;
				CLANG_WARN_BLOCK_CAPTURE_AUTORELEASING = YES;
				CLANG_WARN_BOOL_CONVERSION = YES;
				CLANG_WARN_COMMA = YES;
				CLANG_WARN_CONSTANT_CONVERSION = YES;
				CLANG_WARN_DEPRECATED_OBJC_IMPLEMENTATIONS = YES;
				CLANG_WARN_DIRECT_OBJC_ISA_USAGE = YES_ERROR;
				CLANG_WARN_DOCUMENTATION_COMMENTS = YES;
				CLANG_WARN_EMPTY_BODY = YES;
				CLANG_WARN_ENUM_CONVERSION = YES;
				CLANG_WARN_INFINITE_RECURSION = YES;
				CLANG_WARN_INT_CONVERSION = YES;
				CLANG_WARN_NON_LITERAL_NULL_CONVERSION = YES;
				CLANG_WARN_OBJC_IMPLICIT_RETAIN_SELF = YES;
				CLANG_WARN_OBJC_LITERAL_CONVERSION = YES;
				CLANG_WARN_OBJC_ROOT_CLASS = YES_ERROR;
				CLANG_WARN_RANGE_LOOP_ANALYSIS = YES;
				CLANG_WARN_STRICT_PROTOTYPES = YES;
				CLANG_WARN_SUSPICIOUS_MOVE = YES;
				CLANG_WARN_UNGUARDED_AVAILABILITY = YES_AGGRESSIVE;
				CLANG_WARN_UNREACHABLE_CODE = YES;
				CLANG_WARN__DUPLICATE_METHOD_MATCH = YES;
				COPY_PHASE_STRIP = NO;
				DEBUG_INFORMATION_FORMAT = "dwarf-with-dsym";
				ENABLE_NS_ASSERTIONS = NO;
				ENABLE_STRICT_OBJC_MSGSEND = YES;
				GCC_C_LANGUAGE_STANDARD = gnu11;
				GCC_NO_COMMON_BLOCKS = YES;
				GCC_WARN_64_TO_32_BIT_CONVERSION = YES;
				GCC_WARN_ABOUT_RETURN_TYPE = YES_ERROR;
				GCC_WARN_UNDECLARED_SELECTOR = YES;
				GCC_WARN_UNINITIALIZED_AUTOS = YES_AGGRESSIVE;
				GCC_WARN_UNUSED_FUNCTION = YES;
				GCC_WARN_UNUSED_VARIABLE = YES;
				IPHONEOS_DEPLOYMENT_TARGET = 13.5;
				MTL_ENABLE_DEBUG_INFO = NO;
				MTL_FAST_MATH = YES;
				SDKROOT = iphoneos;
				SWIFT_COMPILATION_MODE = wholemodule;
				SWIFT_OPTIMIZATION_LEVEL = "-O";
				VALIDATE_PRODUCT = YES;
			};
			name = Release;
		};
		711A8B86251603D2001C623A /* Debug */ = {
			isa = XCBuildConfiguration;
			baseConfigurationReference = 1564F8205F984C3D9FA5E8B0 /* Pods-niyati-group.debug.xcconfig */;
			buildSettings = {
				ASSETCATALOG_COMPILER_APPICON_NAME = AppIcon;
				CODE_SIGN_STYLE = Automatic;
				DEVELOPMENT_ASSET_PATHS = "\"niyati-group/Preview Content\"";
				ENABLE_PREVIEWS = YES;
				INFOPLIST_FILE = "niyati-group/Info.plist";
				LD_RUNPATH_SEARCH_PATHS = (
					"$(inherited)",
					"@executable_path/Frameworks",
				);
				PRODUCT_BUNDLE_IDENTIFIER = "SelfCoder.niyati-group";
				PRODUCT_NAME = "$(TARGET_NAME)";
				SWIFT_INSTALL_OBJC_HEADER = NO;
				SWIFT_VERSION = 5.0;
				TARGETED_DEVICE_FAMILY = "1,2";
			};
			name = Debug;
		};
		711A8B87251603D2001C623A /* Release */ = {
			isa = XCBuildConfiguration;
			baseConfigurationReference = 986114F6B62B69DDC4F3A875 /* Pods-niyati-group.release.xcconfig */;
			buildSettings = {
				ASSETCATALOG_COMPILER_APPICON_NAME = AppIcon;
				CODE_SIGN_STYLE = Automatic;
				DEVELOPMENT_ASSET_PATHS = "\"niyati-group/Preview Content\"";
				ENABLE_PREVIEWS = YES;
				INFOPLIST_FILE = "niyati-group/Info.plist";
				LD_RUNPATH_SEARCH_PATHS = (
					"$(inherited)",
					"@executable_path/Frameworks",
				);
				PRODUCT_BUNDLE_IDENTIFIER = "SelfCoder.niyati-group";
				PRODUCT_NAME = "$(TARGET_NAME)";
				SWIFT_INSTALL_OBJC_HEADER = NO;
				SWIFT_VERSION = 5.0;
				TARGETED_DEVICE_FAMILY = "1,2";
			};
			name = Release;
		};
		711A8B89251603D2001C623A /* Debug */ = {
			isa = XCBuildConfiguration;
			buildSettings = {
				ALWAYS_EMBED_SWIFT_STANDARD_LIBRARIES = YES;
				BUNDLE_LOADER = "$(TEST_HOST)";
				CODE_SIGN_STYLE = Automatic;
				INFOPLIST_FILE = "niyati-groupTests/Info.plist";
				IPHONEOS_DEPLOYMENT_TARGET = 13.5;
				LD_RUNPATH_SEARCH_PATHS = (
					"$(inherited)",
					"@executable_path/Frameworks",
					"@loader_path/Frameworks",
				);
				PRODUCT_BUNDLE_IDENTIFIER = "SelfCoder.niyati-groupTests";
				PRODUCT_NAME = "$(TARGET_NAME)";
				SWIFT_VERSION = 5.0;
				TARGETED_DEVICE_FAMILY = "1,2";
				TEST_HOST = "$(BUILT_PRODUCTS_DIR)/niyati-group.app/niyati-group";
			};
			name = Debug;
		};
		711A8B8A251603D2001C623A /* Release */ = {
			isa = XCBuildConfiguration;
			buildSettings = {
				ALWAYS_EMBED_SWIFT_STANDARD_LIBRARIES = YES;
				BUNDLE_LOADER = "$(TEST_HOST)";
				CODE_SIGN_STYLE = Automatic;
				INFOPLIST_FILE = "niyati-groupTests/Info.plist";
				IPHONEOS_DEPLOYMENT_TARGET = 13.5;
				LD_RUNPATH_SEARCH_PATHS = (
					"$(inherited)",
					"@executable_path/Frameworks",
					"@loader_path/Frameworks",
				);
				PRODUCT_BUNDLE_IDENTIFIER = "SelfCoder.niyati-groupTests";
				PRODUCT_NAME = "$(TARGET_NAME)";
				SWIFT_VERSION = 5.0;
				TARGETED_DEVICE_FAMILY = "1,2";
				TEST_HOST = "$(BUILT_PRODUCTS_DIR)/niyati-group.app/niyati-group";
			};
			name = Release;
		};
		711A8B8C251603D2001C623A /* Debug */ = {
			isa = XCBuildConfiguration;
			buildSettings = {
				ALWAYS_EMBED_SWIFT_STANDARD_LIBRARIES = YES;
				CODE_SIGN_STYLE = Automatic;
				INFOPLIST_FILE = "niyati-groupUITests/Info.plist";
				LD_RUNPATH_SEARCH_PATHS = (
					"$(inherited)",
					"@executable_path/Frameworks",
					"@loader_path/Frameworks",
				);
				PRODUCT_BUNDLE_IDENTIFIER = "SelfCoder.niyati-groupUITests";
				PRODUCT_NAME = "$(TARGET_NAME)";
				SWIFT_VERSION = 5.0;
				TARGETED_DEVICE_FAMILY = "1,2";
				TEST_TARGET_NAME = "niyati-group";
			};
			name = Debug;
		};
		711A8B8D251603D2001C623A /* Release */ = {
			isa = XCBuildConfiguration;
			buildSettings = {
				ALWAYS_EMBED_SWIFT_STANDARD_LIBRARIES = YES;
				CODE_SIGN_STYLE = Automatic;
				INFOPLIST_FILE = "niyati-groupUITests/Info.plist";
				LD_RUNPATH_SEARCH_PATHS = (
					"$(inherited)",
					"@executable_path/Frameworks",
					"@loader_path/Frameworks",
				);
				PRODUCT_BUNDLE_IDENTIFIER = "SelfCoder.niyati-groupUITests";
				PRODUCT_NAME = "$(TARGET_NAME)";
				SWIFT_VERSION = 5.0;
				TARGETED_DEVICE_FAMILY = "1,2";
				TEST_TARGET_NAME = "niyati-group";
			};
			name = Release;
		};
/* End XCBuildConfiguration section */

/* Begin XCConfigurationList section */
		711A8B56251603CE001C623A /* Build configuration list for PBXProject "niyati-group" */ = {
			isa = XCConfigurationList;
			buildConfigurations = (
				711A8B83251603D2001C623A /* Debug */,
				711A8B84251603D2001C623A /* Release */,
			);
			defaultConfigurationIsVisible = 0;
			defaultConfigurationName = Release;
		};
		711A8B85251603D2001C623A /* Build configuration list for PBXNativeTarget "niyati-group" */ = {
			isa = XCConfigurationList;
			buildConfigurations = (
				711A8B86251603D2001C623A /* Debug */,
				711A8B87251603D2001C623A /* Release */,
			);
			defaultConfigurationIsVisible = 0;
			defaultConfigurationName = Release;
		};
		711A8B88251603D2001C623A /* Build configuration list for PBXNativeTarget "niyati-groupTests" */ = {
			isa = XCConfigurationList;
			buildConfigurations = (
				711A8B89251603D2001C623A /* Debug */,
				711A8B8A251603D2001C623A /* Release */,
			);
			defaultConfigurationIsVisible = 0;
			defaultConfigurationName = Release;
		};
		711A8B8B251603D2001C623A /* Build configuration list for PBXNativeTarget "niyati-groupUITests" */ = {
			isa = XCConfigurationList;
			buildConfigurations = (
				711A8B8C251603D2001C623A /* Debug */,
				711A8B8D251603D2001C623A /* Release */,
			);
			defaultConfigurationIsVisible = 0;
			defaultConfigurationName = Release;
		};
/* End XCConfigurationList section */
	};
	rootObject = 711A8B53251603CE001C623A /* Project object */;
}
